
Microsoft Visual Studio Solution File, Format Version 12.00
# Visual Studio 15
VisualStudioVersion = 15.0.27130.2010
MinimumVisualStudioVersion = 10.0.40219.1
Project("{FAE04EC0-301F-11D3-BF4B-00C04F79EFBC}") = "DevExpress.HybridApp.Wpf", "DevExpress.HybridApp.Wpf\DevExpress.HybridApp.Wpf.csproj", "{F7B41464-A997-48C1-A703-53CF960F75E7}"
EndProject
Project("{FAE04EC0-301F-11D3-BF4B-00C04F79EFBC}") = "Lsz.MES.Data", "Lsz.MES.Data\Lsz.MES.Data.csproj", "{28D20B93-3A02-4830-A232-6FE224D06014}"
EndProject
Global
	GlobalSection(SolutionConfigurationPlatforms) = preSolution
		ClickOnce Debug|Any CPU = ClickOnce Debug|Any CPU
		ClickOnce Release|Any CPU = ClickOnce Release|Any CPU
		Debug|Any CPU = Debug|Any CPU
		DebugTest|Any CPU = DebugTest|Any CPU
		Release|Any CPU = Release|Any CPU
	EndGlobalSection
	GlobalSection(ProjectConfigurationPlatforms) = postSolution
		{F7B41464-A997-48C1-A703-53CF960F75E7}.ClickOnce Debug|Any CPU.ActiveCfg = ClickOnce Debug|Any CPU
		{F7B41464-A997-48C1-A703-53CF960F75E7}.ClickOnce Debug|Any CPU.Build.0 = ClickOnce Debug|Any CPU
		{F7B41464-A997-48C1-A703-53CF960F75E7}.ClickOnce Release|Any CPU.ActiveCfg = ClickOnce Release|Any CPU
		{F7B41464-A997-48C1-A703-53CF960F75E7}.ClickOnce Release|Any CPU.Build.0 = ClickOnce Release|Any CPU
		{F7B41464-A997-48C1-A703-53CF960F75E7}.Debug|Any CPU.ActiveCfg = Debug|Any CPU
		{F7B41464-A997-48C1-A703-53CF960F75E7}.Debug|Any CPU.Build.0 = Debug|Any CPU
		{F7B41464-A997-48C1-A703-53CF960F75E7}.DebugTest|Any CPU.ActiveCfg = DebugTest|Any CPU
		{F7B41464-A997-48C1-A703-53CF960F75E7}.DebugTest|Any CPU.Build.0 = DebugTest|Any CPU
		{F7B41464-A997-48C1-A703-53CF960F75E7}.Release|Any CPU.ActiveCfg = Release|Any CPU
		{F7B41464-A997-48C1-A703-53CF960F75E7}.Release|Any CPU.Build.0 = Release|Any CPU
		{28D20B93-3A02-4830-A232-6FE224D06014}.ClickOnce Debug|Any CPU.ActiveCfg = Debug|Any CPU
		{28D20B93-3A02-4830-A232-6FE224D06014}.ClickOnce Debug|Any CPU.Build.0 = Debug|Any CPU
		{28D20B93-3A02-4830-A232-6FE224D06014}.ClickOnce Release|Any CPU.ActiveCfg = Release|Any CPU
		{28D20B93-3A02-4830-A232-6FE224D06014}.ClickOnce Release|Any CPU.Build.0 = Release|Any CPU
		{28D20B93-3A02-4830-A232-6FE224D06014}.Debug|Any CPU.ActiveCfg = Debug|Any CPU
		{28D20B93-3A02-4830-A232-6FE224D06014}.Debug|Any CPU.Build.0 = Debug|Any CPU
		{28D20B93-3A02-4830-A232-6FE224D06014}.DebugTest|Any CPU.ActiveCfg = Debug|Any CPU
		{28D20B93-3A02-4830-A232-6FE224D06014}.DebugTest|Any CPU.Build.0 = Debug|Any CPU
		{28D20B93-3A02-4830-A232-6FE224D06014}.Release|Any CPU.ActiveCfg = Release|Any CPU
		{28D20B93-3A02-4830-A232-6FE224D06014}.Release|Any CPU.Build.0 = Release|Any CPU
	EndGlobalSection
	GlobalSection(SolutionProperties) = preSolution
		HideSolutionNode = FALSE
	EndGlobalSection
	GlobalSection(ExtensibilityGlobals) = postSolution
		SolutionGuid = {D3775236-412B-4A7D-AF95-09D8B730BE6C}
	EndGlobalSection
EndGlobal
